
Microsoft Visual Studio Solution File, Format Version 12.00
# Visual Studio Version 17
VisualStudioVersion = 17.4.33103.184
MinimumVisualStudioVersion = 10.0.40219.1
Project("{9A19103F-16F7-4668-BE54-9A1E7A4F7556}") = "idee5.Common", "idee5.Common\idee5.Common.csproj", "{7192BF9A-8552-4AD3-9746-5865433BEE36}"
EndProject
Project("{2150E333-8FDC-42A3-9474-1A3956D46DE8}") = "src", "src", "{CA5C5094-DE3C-47E5-A5E8-D6E20EE3C047}"
EndProject
Project("{2150E333-8FDC-42A3-9474-1A3956D46DE8}") = "test", "test", "{4988BFB8-9BEB-4EC7-A3C3-A54AF8671BD5}"
EndProject
Project("{9A19103F-16F7-4668-BE54-9A1E7A4F7556}") = "idee5.Common.Tests", "idee5.Common.Tests\idee5.Common.Tests.csproj", "{B1A008EA-1F30-412C-BBD0-061AB0027FEA}"
EndProject
Project("{9A19103F-16F7-4668-BE54-9A1E7A4F7556}") = "idee5.Common.Data", "idee5.Common.Data\idee5.Common.Data.csproj", "{9FDF1B09-9FF7-4AB6-AABD-145D5C9FCBD8}"
EndProject
Project("{9A19103F-16F7-4668-BE54-9A1E7A4F7556}") = "idee5.Common.Data.Tests", "idee5.Common.Data.Tests\idee5.Common.Data.Tests.csproj", "{D711C080-B8AC-4BCF-9837-341E2C4E1098}"
EndProject
Project("{2150E333-8FDC-42A3-9474-1A3956D46DE8}") = "Solution Items", "Solution Items", "{33848DDC-7D2E-4105-8FAE-FEA94D8C8C6A}"
	ProjectSection(SolutionItems) = preProject
		.gitignore = .gitignore
		.tfignore = .tfignore
		.github\workflows\dotnet.yml = .github\workflows\dotnet.yml
		idee5 nuget icon.png = idee5 nuget icon.png
		LICENSE.txt = LICENSE.txt
		readme.md = readme.md
	EndProjectSection
EndProject
Project("{9A19103F-16F7-4668-BE54-9A1E7A4F7556}") = "idee5.SourceGenerators", "idee5.SourceGenerators\idee5.SourceGenerators.csproj", "{1CCE391B-441B-4395-8B1F-C0234DE82922}"
EndProject
Project("{9A19103F-16F7-4668-BE54-9A1E7A4F7556}") = "idee5.SoureGeneratorTests", "idee5.SoureGeneratorTests\idee5.SoureGeneratorTests.csproj", "{616969E3-8AD2-485A-A961-680B07EE7059}"
EndProject
Project("{FAE04EC0-301F-11D3-BF4B-00C04F79EFBC}") = "idee5.EventStoreLite", "idee5.EventStoreLite\idee5.EventStoreLite.csproj", "{61ABCBCB-4787-4AB4-844E-A4E1F30CAFFE}"
EndProject
Project("{FAE04EC0-301F-11D3-BF4B-00C04F79EFBC}") = "idee5.EventStorLiteTests", "idee5.EventStorLiteTests\idee5.EventStorLiteTests.csproj", "{23142EE7-9C06-4CFA-8D17-332021B93E91}"
EndProject
Global
	GlobalSection(SolutionConfigurationPlatforms) = preSolution
		Debug|Any CPU = Debug|Any CPU
		nuget|Any CPU = nuget|Any CPU
		Release|Any CPU = Release|Any CPU
	EndGlobalSection
	GlobalSection(ProjectConfigurationPlatforms) = postSolution
		{7192BF9A-8552-4AD3-9746-5865433BEE36}.Debug|Any CPU.ActiveCfg = Debug|Any CPU
		{7192BF9A-8552-4AD3-9746-5865433BEE36}.Debug|Any CPU.Build.0 = Debug|Any CPU
		{7192BF9A-8552-4AD3-9746-5865433BEE36}.nuget|Any CPU.ActiveCfg = Release|Any CPU
		{7192BF9A-8552-4AD3-9746-5865433BEE36}.nuget|Any CPU.Build.0 = Release|Any CPU
		{7192BF9A-8552-4AD3-9746-5865433BEE36}.Release|Any CPU.ActiveCfg = Release|Any CPU
		{7192BF9A-8552-4AD3-9746-5865433BEE36}.Release|Any CPU.Build.0 = Release|Any CPU
		{B1A008EA-1F30-412C-BBD0-061AB0027FEA}.Debug|Any CPU.ActiveCfg = Debug|Any CPU
		{B1A008EA-1F30-412C-BBD0-061AB0027FEA}.Debug|Any CPU.Build.0 = Debug|Any CPU
		{B1A008EA-1F30-412C-BBD0-061AB0027FEA}.nuget|Any CPU.ActiveCfg = Release|Any CPU
		{B1A008EA-1F30-412C-BBD0-061AB0027FEA}.nuget|Any CPU.Build.0 = Release|Any CPU
		{B1A008EA-1F30-412C-BBD0-061AB0027FEA}.Release|Any CPU.ActiveCfg = Release|Any CPU
		{B1A008EA-1F30-412C-BBD0-061AB0027FEA}.Release|Any CPU.Build.0 = Release|Any CPU
		{9FDF1B09-9FF7-4AB6-AABD-145D5C9FCBD8}.Debug|Any CPU.ActiveCfg = Debug|Any CPU
		{9FDF1B09-9FF7-4AB6-AABD-145D5C9FCBD8}.Debug|Any CPU.Build.0 = Debug|Any CPU
		{9FDF1B09-9FF7-4AB6-AABD-145D5C9FCBD8}.nuget|Any CPU.ActiveCfg = Release|Any CPU
		{9FDF1B09-9FF7-4AB6-AABD-145D5C9FCBD8}.nuget|Any CPU.Build.0 = Release|Any CPU
		{9FDF1B09-9FF7-4AB6-AABD-145D5C9FCBD8}.Release|Any CPU.ActiveCfg = Release|Any CPU
		{9FDF1B09-9FF7-4AB6-AABD-145D5C9FCBD8}.Release|Any CPU.Build.0 = Release|Any CPU
		{D711C080-B8AC-4BCF-9837-341E2C4E1098}.Debug|Any CPU.ActiveCfg = Debug|Any CPU
		{D711C080-B8AC-4BCF-9837-341E2C4E1098}.Debug|Any CPU.Build.0 = Debug|Any CPU
		{D711C080-B8AC-4BCF-9837-341E2C4E1098}.nuget|Any CPU.ActiveCfg = Release|Any CPU
		{D711C080-B8AC-4BCF-9837-341E2C4E1098}.nuget|Any CPU.Build.0 = Release|Any CPU
		{D711C080-B8AC-4BCF-9837-341E2C4E1098}.Release|Any CPU.ActiveCfg = Release|Any CPU
		{D711C080-B8AC-4BCF-9837-341E2C4E1098}.Release|Any CPU.Build.0 = Release|Any CPU
		{1CCE391B-441B-4395-8B1F-C0234DE82922}.Debug|Any CPU.ActiveCfg = Debug|Any CPU
		{1CCE391B-441B-4395-8B1F-C0234DE82922}.Debug|Any CPU.Build.0 = Debug|Any CPU
		{1CCE391B-441B-4395-8B1F-C0234DE82922}.nuget|Any CPU.ActiveCfg = Release|Any CPU
		{1CCE391B-441B-4395-8B1F-C0234DE82922}.nuget|Any CPU.Build.0 = Release|Any CPU
		{1CCE391B-441B-4395-8B1F-C0234DE82922}.Release|Any CPU.ActiveCfg = Release|Any CPU
		{1CCE391B-441B-4395-8B1F-C0234DE82922}.Release|Any CPU.Build.0 = Release|Any CPU
		{616969E3-8AD2-485A-A961-680B07EE7059}.Debug|Any CPU.ActiveCfg = Debug|Any CPU
		{616969E3-8AD2-485A-A961-680B07EE7059}.Debug|Any CPU.Build.0 = Debug|Any CPU
		{616969E3-8AD2-485A-A961-680B07EE7059}.nuget|Any CPU.ActiveCfg = Release|Any CPU
		{616969E3-8AD2-485A-A961-680B07EE7059}.nuget|Any CPU.Build.0 = Release|Any CPU
		{616969E3-8AD2-485A-A961-680B07EE7059}.Release|Any CPU.ActiveCfg = Release|Any CPU
		{616969E3-8AD2-485A-A961-680B07EE7059}.Release|Any CPU.Build.0 = Release|Any CPU
		{61ABCBCB-4787-4AB4-844E-A4E1F30CAFFE}.Debug|Any CPU.ActiveCfg = Debug|Any CPU
		{61ABCBCB-4787-4AB4-844E-A4E1F30CAFFE}.Debug|Any CPU.Build.0 = Debug|Any CPU
		{61ABCBCB-4787-4AB4-844E-A4E1F30CAFFE}.nuget|Any CPU.ActiveCfg = Debug|Any CPU
		{61ABCBCB-4787-4AB4-844E-A4E1F30CAFFE}.nuget|Any CPU.Build.0 = Debug|Any CPU
		{61ABCBCB-4787-4AB4-844E-A4E1F30CAFFE}.Release|Any CPU.ActiveCfg = Release|Any CPU
		{61ABCBCB-4787-4AB4-844E-A4E1F30CAFFE}.Release|Any CPU.Build.0 = Release|Any CPU
		{23142EE7-9C06-4CFA-8D17-332021B93E91}.Debug|Any CPU.ActiveCfg = Debug|Any CPU
		{23142EE7-9C06-4CFA-8D17-332021B93E91}.Debug|Any CPU.Build.0 = Debug|Any CPU
		{23142EE7-9C06-4CFA-8D17-332021B93E91}.nuget|Any CPU.ActiveCfg = Debug|Any CPU
		{23142EE7-9C06-4CFA-8D17-332021B93E91}.nuget|Any CPU.Build.0 = Debug|Any CPU
		{23142EE7-9C06-4CFA-8D17-332021B93E91}.Release|Any CPU.ActiveCfg = Release|Any CPU
		{23142EE7-9C06-4CFA-8D17-332021B93E91}.Release|Any CPU.Build.0 = Release|Any CPU
	EndGlobalSection
	GlobalSection(SolutionProperties) = preSolution
		HideSolutionNode = FALSE
	EndGlobalSection
	GlobalSection(NestedProjects) = preSolution
		{7192BF9A-8552-4AD3-9746-5865433BEE36} = {CA5C5094-DE3C-47E5-A5E8-D6E20EE3C047}
		{B1A008EA-1F30-412C-BBD0-061AB0027FEA} = {4988BFB8-9BEB-4EC7-A3C3-A54AF8671BD5}
		{9FDF1B09-9FF7-4AB6-AABD-145D5C9FCBD8} = {CA5C5094-DE3C-47E5-A5E8-D6E20EE3C047}
		{D711C080-B8AC-4BCF-9837-341E2C4E1098} = {4988BFB8-9BEB-4EC7-A3C3-A54AF8671BD5}
		{1CCE391B-441B-4395-8B1F-C0234DE82922} = {CA5C5094-DE3C-47E5-A5E8-D6E20EE3C047}
		{616969E3-8AD2-485A-A961-680B07EE7059} = {4988BFB8-9BEB-4EC7-A3C3-A54AF8671BD5}
		{61ABCBCB-4787-4AB4-844E-A4E1F30CAFFE} = {CA5C5094-DE3C-47E5-A5E8-D6E20EE3C047}
		{23142EE7-9C06-4CFA-8D17-332021B93E91} = {4988BFB8-9BEB-4EC7-A3C3-A54AF8671BD5}
	EndGlobalSection
	GlobalSection(ExtensibilityGlobals) = postSolution
		SolutionGuid = {6B315A4B-0135-4E24-A66E-BFBBFB09AF8F}
	EndGlobalSection
EndGlobal
